
Microsoft Visual Studio Solution File, Format Version 12.00
# Visual Studio Version 17
VisualStudioVersion = 17.12.35527.113 d17.12
MinimumVisualStudioVersion = 10.0.40219.1
Project("{FAE04EC0-301F-11D3-BF4B-00C04F79EFBC}") = "WpfApp1", "WpfApp1\WpfApp1.csproj", "{870047DF-C5B2-4680-9384-ECA13C0CC808}"
EndProject
Global
	GlobalSection(SolutionConfigurationPlatforms) = preSolution
		Debug|Any CPU = Debug|Any CPU
		Release|Any CPU = Release|Any CPU
	EndGlobalSection
	GlobalSection(ProjectConfigurationPlatforms) = postSolution
		{870047DF-C5B2-4680-9384-ECA13C0CC808}.Debug|Any CPU.ActiveCfg = Debug|Any CPU
		{870047DF-C5B2-4680-9384-ECA13C0CC808}.Debug|Any CPU.Build.0 = Debug|Any CPU
		{870047DF-C5B2-4680-9384-ECA13C0CC808}.Release|Any CPU.ActiveCfg = Release|Any CPU
		{870047DF-C5B2-4680-9384-ECA13C0CC808}.Release|Any CPU.Build.0 = Release|Any CPU
	EndGlobalSection
	GlobalSection(SolutionProperties) = preSolution
		HideSolutionNode = FALSE
	EndGlobalSection
EndGlobal
